
Microsoft Visual Studio Solution File, Format Version 12.00
# Visual Studio Version 16
VisualStudioVersion = 16.0.31112.23
MinimumVisualStudioVersion = 10.0.40219.1
Project("{FAE04EC0-301F-11D3-BF4B-00C04F79EFBC}") = "ClassCharacter", "ClassCharacter.csproj", "{15354069-DA4B-4511-AC49-5B068DAC53AA}"
EndProject
Global
	GlobalSection(SolutionConfigurationPlatforms) = preSolution
		Debug|Any CPU = Debug|Any CPU
		Release|Any CPU = Release|Any CPU
	EndGlobalSection
	GlobalSection(ProjectConfigurationPlatforms) = postSolution
		{15354069-DA4B-4511-AC49-5B068DAC53AA}.Debug|Any CPU.ActiveCfg = Debug|Any CPU
		{15354069-DA4B-4511-AC49-5B068DAC53AA}.Debug|Any CPU.Build.0 = Debug|Any CPU
		{15354069-DA4B-4511-AC49-5B068DAC53AA}.Release|Any CPU.ActiveCfg = Release|Any CPU
		{15354069-DA4B-4511-AC49-5B068DAC53AA}.Release|Any CPU.Build.0 = Release|Any CPU
	EndGlobalSection
	GlobalSection(SolutionProperties) = preSolution
		HideSolutionNode = FALSE
	EndGlobalSection
	GlobalSection(ExtensibilityGlobals) = postSolution
		SolutionGuid = {4C11924E-3FAF-4C47-A154-4067EB4D1F14}
	EndGlobalSection
EndGlobal
